// !$*UTF8*$!
{
	archiveVersion = 1;
	classes = {
	};
	objectVersion = 46;
	objects = {

/* Begin PBXBuildFile section */
		983BF35C1DA5C93400186CED /* AppDelegate.swift in Sources */ = {isa = PBXBuildFile; fileRef = 983BF35B1DA5C93400186CED /* AppDelegate.swift */; };
		983BF35E1DA5C93400186CED /* ViewController.swift in Sources */ = {isa = PBXBuildFile; fileRef = 983BF35D1DA5C93400186CED /* ViewController.swift */; };
		983BF3611DA5C93400186CED /* Main.storyboard in Resources */ = {isa = PBXBuildFile; fileRef = 983BF35F1DA5C93400186CED /* Main.storyboard */; };
		983BF3631DA5C93400186CED /* Assets.xcassets in Resources */ = {isa = PBXBuildFile; fileRef = 983BF3621DA5C93400186CED /* Assets.xcassets */; };
		983BF3661DA5C93400186CED /* LaunchScreen.storyboard in Resources */ = {isa = PBXBuildFile; fileRef = 983BF3641DA5C93400186CED /* LaunchScreen.storyboard */; };
/* End PBXBuildFile section */

/* Begin PBXFileReference section */
		983BF3581DA5C93400186CED /* movieDBNativeApp.app */ = {isa = PBXFileReference; explicitFileType = wrapper.application; includeInIndex = 0; path = movieDBNativeApp.app; sourceTree = BUILT_PRODUCTS_DIR; };
		983BF35B1DA5C93400186CED /* AppDelegate.swift */ = {isa = PBXFileReference; lastKnownFileType = sourcecode.swift; path = AppDelegate.swift; sourceTree = "<group>"; };
		983BF35D1DA5C93400186CED /* ViewController.swift */ = {isa = PBXFileReference; lastKnownFileType = sourcecode.swift; path = ViewController.swift; sourceTree = "<group>"; };
		983BF3601DA5C93400186CED /* Base */ = {isa = PBXFileReference; lastKnownFileType = file.storyboard; name = Base; path = Base.lproj/Main.storyboard; sourceTree = "<group>"; };
		983BF3621DA5C93400186CED /* Assets.xcassets */ = {isa = PBXFileReference; lastKnownFileType = folder.assetcatalog; path = Assets.xcassets; sourceTree = "<group>"; };
		983BF3651DA5C93400186CED /* Base */ = {isa = PBXFileReference; lastKnownFileType = file.storyboard; name = Base; path = Base.lproj/LaunchScreen.storyboard; sourceTree = "<group>"; };
		983BF3671DA5C93400186CED /* Info.plist */ = {isa = PBXFileReference; lastKnownFileType = text.plist.xml; path = Info.plist; sourceTree = "<group>"; };
/* End PBXFileReference section */

/* Begin PBXFrameworksBuildPhase section */
		983BF3551DA5C93400186CED /* Frameworks */ = {
			isa = PBXFrameworksBuildPhase;
			buildActionMask = 2147483647;
			files = (
			);
			runOnlyForDeploymentPostprocessing = 0;
		};
/* End PBXFrameworksBuildPhase section */

/* Begin PBXGroup section */
		983BF34F1DA5C93400186CED = {
			isa = PBXGroup;
			children = (
				983BF35A1DA5C93400186CED /* movieDBNativeApp */,
				983BF3591DA5C93400186CED /* Products */,
			);
			sourceTree = "<group>";
		};
		983BF3591DA5C93400186CED /* Products */ = {
			isa = PBXGroup;
			children = (
				983BF3581DA5C93400186CED /* movieDBNativeApp.app */,
			);
			name = Products;
			sourceTree = "<group>";
		};
		983BF35A1DA5C93400186CED /* movieDBNativeApp */ = {
			isa = PBXGroup;
			children = (
				983BF35B1DA5C93400186CED /* AppDelegate.swift */,
				983BF35D1DA5C93400186CED /* ViewController.swift */,
				983BF35F1DA5C93400186CED /* Main.storyboard */,
				983BF3621DA5C93400186CED /* Assets.xcassets */,
				983BF3641DA5C93400186CED /* LaunchScreen.storyboard */,
				983BF3671DA5C93400186CED /* Info.plist */,
			);
			path = movieDBNativeApp;
			sourceTree = "<group>";
		};
/* End PBXGroup section */

/* Begin PBXNativeTarget section */
		983BF3571DA5C93400186CED /* movieDBNativeApp */ = {
			isa = PBXNativeTarget;
			buildConfigurationList = 983BF36A1DA5C93400186CED /* Build configuration list for PBXNativeTarget "movieDBNativeApp" */;
			buildPhases = (
				983BF3541DA5C93400186CED /* Sources */,
				983BF3551DA5C93400186CED /* Frameworks */,
				983BF3561DA5C93400186CED /* Resources */,
			);
			buildRules = (
			);
			dependencies = (
			);
			name = movieDBNativeApp;
			productName = movieDBNativeApp;
			productReference = 983BF3581DA5C93400186CED /* movieDBNativeApp.app */;
			productType = "com.apple.product-type.application";
		};
/* End PBXNativeTarget section */

/* Begin PBXProject section */
		983BF3501DA5C93400186CED /* Project object */ = {
			isa = PBXProject;
			attributes = {
				LastSwiftUpdateCheck = 0800;
				LastUpgradeCheck = 0800;
				ORGANIZATIONNAME = Guru;
				TargetAttributes = {
					983BF3571DA5C93400186CED = {
						CreatedOnToolsVersion = 8.0;
						ProvisioningStyle = Automatic;
					};
				};
			};
			buildConfigurationList = 983BF3531DA5C93400186CED /* Build configuration list for PBXProject "movieDBNativeApp" */;
			compatibilityVersion = "Xcode 3.2";
			developmentRegion = English;
			hasScannedForEncodings = 0;
			knownRegions = (
				en,
				Base,
			);
			mainGroup = 983BF34F1DA5C93400186CED;
			productRefGroup = 983BF3591DA5C93400186CED /* Products */;
			projectDirPath = "";
			projectRoot = "";
			targets = (
				983BF3571DA5C93400186CED /* movieDBNativeApp */,
			);
		};
/* End PBXProject section */

/* Begin PBXResourcesBuildPhase section */
		983BF3561DA5C93400186CED /* Resources */ = {
			isa = PBXResourcesBuildPhase;
			buildActionMask = 2147483647;
			files = (
				983BF3661DA5C93400186CED /* LaunchScreen.storyboard in Resources */,
				983BF3631DA5C93400186CED /* Assets.xcassets in Resources */,
				983BF3611DA5C93400186CED /* Main.storyboard in Resources */,
			);
			runOnlyForDeploymentPostprocessing = 0;
		};
/* End PBXResourcesBuildPhase section */

/* Begin PBXSourcesBuildPhase section */
		983BF3541DA5C93400186CED /* Sources */ = {
			isa = PBXSourcesBuildPhase;
			buildActionMask = 2147483647;
			files = (
				983BF35E1DA5C93400186CED /* ViewController.swift in Sources */,
				983BF35C1DA5C93400186CED /* AppDelegate.swift in Sources */,
			);
			runOnlyForDeploymentPostprocessing = 0;
		};
/* End PBXSourcesBuildPhase section */

/* Begin PBXVariantGroup section */
		983BF35F1DA5C93400186CED /* Main.storyboard */ = {
			isa = PBXVariantGroup;
			children = (
				983BF3601DA5C93400186CED /* Base */,
			);
			name = Main.storyboard;
			sourceTree = "<group>";
		};
		983BF3641DA5C93400186CED /* LaunchScreen.storyboard */ = {
			isa = PBXVariantGroup;
			children = (
				983BF3651DA5C93400186CED /* Base */,
			);
			name = LaunchScreen.storyboard;
			sourceTree = "<group>";
		};
/* End PBXVariantGroup section */

/* Begin XCBuildConfiguration section */
		983BF3681DA5C93400186CED /* Debug */ = {
			isa = XCBuildConfiguration;
			buildSettings = {
				ALWAYS_SEARCH_USER_PATHS = NO;
				CLANG_ANALYZER_NONNULL = YES;
				CLANG_CXX_LANGUAGE_STANDARD = "gnu++0x";
				CLANG_CXX_LIBRARY = "libc++";
				CLANG_ENABLE_MODULES = YES;
				CLANG_ENABLE_OBJC_ARC = YES;
				CLANG_WARN_BOOL_CONVERSION = YES;
				CLANG_WARN_CONSTANT_CONVERSION = YES;
				CLANG_WARN_DIRECT_OBJC_ISA_USAGE = YES_ERROR;
				CLANG_WARN_DOCUMENTATION_COMMENTS = YES;
				CLANG_WARN_EMPTY_BODY = YES;
				CLANG_WARN_ENUM_CONVERSION = YES;
				CLANG_WARN_INFINITE_RECURSION = YES;
				CLANG_WARN_INT_CONVERSION = YES;
				CLANG_WARN_OBJC_ROOT_CLASS = YES_ERROR;
				CLANG_WARN_SUSPICIOUS_MOVES = YES;
				CLANG_WARN_UNREACHABLE_CODE = YES;
				CLANG_WARN__DUPLICATE_METHOD_MATCH = YES;
				"CODE_SIGN_IDENTITY[sdk=iphoneos*]" = "iPhone Developer";
				COPY_PHASE_STRIP = NO;
				DEBUG_INFORMATION_FORMAT = dwarf;
				ENABLE_STRICT_OBJC_MSGSEND = YES;
				ENABLE_TESTABILITY = YES;
				GCC_C_LANGUAGE_STANDARD = gnu99;
				GCC_DYNAMIC_NO_PIC = NO;
				GCC_NO_COMMON_BLOCKS = YES;
				GCC_OPTIMIZATION_LEVEL = 0;
				GCC_PREPROCESSOR_DEFINITIONS = (
					"DEBUG=1",
					"$(inherited)",
				);
				GCC_WARN_64_TO_32_BIT_CONVERSION = YES;
				GCC_WARN_ABOUT_RETURN_TYPE = YES_ERROR;
				GCC_WARN_UNDECLARED_SELECTOR = YES;
				GCC_WARN_UNINITIALIZED_AUTOS = YES_AGGRESSIVE;
				GCC_WARN_UNUSED_FUNCTION = YES;
				GCC_WARN_UNUSED_VARIABLE = YES;
				IPHONEOS_DEPLOYMENT_TARGET = 10.0;
				MTL_ENABLE_DEBUG_INFO = YES;
				ONLY_ACTIVE_ARCH = YES;
				SDKROOT = iphoneos;
				SWIFT_ACTIVE_COMPILATION_CONDITIONS = DEBUG;
				SWIFT_OPTIMIZATION_LEVEL = "-Onone";
			};
			name = Debug;
		};
		983BF3691DA5C93400186CED /* Release */ = {
			isa = XCBuildConfiguration;
			buildSettings = {
				ALWAYS_SEARCH_USER_PATHS = NO;
				CLANG_ANALYZER_NONNULL = YES;
				CLANG_CXX_LANGUAGE_STANDARD = "gnu++0x";
				CLANG_CXX_LIBRARY = "libc++";
				CLANG_ENABLE_MODULES = YES;
				CLANG_ENABLE_OBJC_ARC = YES;
				CLANG_WARN_BOOL_CONVERSION = YES;
				CLANG_WARN_CONSTANT_CONVERSION = YES;
				CLANG_WARN_DIRECT_OBJC_ISA_USAGE = YES_ERROR;
				CLANG_WARN_DOCUMENTATION_COMMENTS = YES;
				CLANG_WARN_EMPTY_BODY = YES;
				CLANG_WARN_ENUM_CONVERSION = YES;
				CLANG_WARN_INFINITE_RECURSION = YES;
				CLANG_WARN_INT_CONVERSION = YES;
				CLANG_WARN_OBJC_ROOT_CLASS = YES_ERROR;
				CLANG_WARN_SUSPICIOUS_MOVES = YES;
				CLANG_WARN_UNREACHABLE_CODE = YES;
				CLANG_WARN__DUPLICATE_METHOD_MATCH = YES;
				"CODE_SIGN_IDENTITY[sdk=iphoneos*]" = "iPhone Developer";
				COPY_PHASE_STRIP = NO;
				DEBUG_INFORMATION_FORMAT = "dwarf-with-dsym";
				ENABLE_NS_ASSERTIONS = NO;
				ENABLE_STRICT_OBJC_MSGSEND = YES;
				GCC_C_LANGUAGE_STANDARD = gnu99;
				GCC_NO_COMMON_BLOCKS = YES;
				GCC_WARN_64_TO_32_BIT_CONVERSION = YES;
				GCC_WARN_ABOUT_RETURN_TYPE = YES_ERROR;
				GCC_WARN_UNDECLARED_SELECTOR = YES;
				GCC_WARN_UNINITIALIZED_AUTOS = YES_AGGRESSIVE;
				GCC_WARN_UNUSED_FUNCTION = YES;
				GCC_WARN_UNUSED_VARIABLE = YES;
				IPHONEOS_DEPLOYMENT_TARGET = 10.0;
				MTL_ENABLE_DEBUG_INFO = NO;
				SDKROOT = iphoneos;
				SWIFT_OPTIMIZATION_LEVEL = "-Owholemodule";
				VALIDATE_PRODUCT = YES;
			};
			name = Release;
		};
		983BF36B1DA5C93400186CED /* Debug */ = {
			isa = XCBuildConfiguration;
			buildSettings = {
				ASSETCATALOG_COMPILER_APPICON_NAME = AppIcon;
				INFOPLIST_FILE = movieDBNativeApp/Info.plist;
				LD_RUNPATH_SEARCH_PATHS = "$(inherited) @executable_path/Frameworks";
				PRODUCT_BUNDLE_IDENTIFIER = com.sample.movieDBNativeApp;
				PRODUCT_NAME = "$(TARGET_NAME)";
				SWIFT_VERSION = 3.0;
			};
			name = Debug;
		};
		983BF36C1DA5C93400186CED /* Release */ = {
			isa = XCBuildConfiguration;
			buildSettings = {
				ASSETCATALOG_COMPILER_APPICON_NAME = AppIcon;
				INFOPLIST_FILE = movieDBNativeApp/Info.plist;
				LD_RUNPATH_SEARCH_PATHS = "$(inherited) @executable_path/Frameworks";
				PRODUCT_BUNDLE_IDENTIFIER = com.sample.movieDBNativeApp;
				PRODUCT_NAME = "$(TARGET_NAME)";
				SWIFT_VERSION = 3.0;
			};
			name = Release;
		};
/* End XCBuildConfiguration section */

/* Begin XCConfigurationList section */
		983BF3531DA5C93400186CED /* Build configuration list for PBXProject "movieDBNativeApp" */ = {
			isa = XCConfigurationList;
			buildConfigurations = (
				983BF3681DA5C93400186CED /* Debug */,
				983BF3691DA5C93400186CED /* Release */,
			);
			defaultConfigurationIsVisible = 0;
			defaultConfigurationName = Release;
		};
		983BF36A1DA5C93400186CED /* Build configuration list for PBXNativeTarget "movieDBNativeApp" */ = {
			isa = XCConfigurationList;
			buildConfigurations = (
				983BF36B1DA5C93400186CED /* Debug */,
				983BF36C1DA5C93400186CED /* Release */,
			);
			defaultConfigurationIsVisible = 0;
		};
/* End XCConfigurationList section */
	};
	rootObject = 983BF3501DA5C93400186CED /* Project object */;
}
